
Microsoft Visual Studio Solution File, Format Version 12.00
# Visual Studio Version 17
VisualStudioVersion = 17.6.33815.320
MinimumVisualStudioVersion = 10.0.40219.1
Project("{FAE04EC0-301F-11D3-BF4B-00C04F79EFBC}") = "WinFormsApp1", "WinFormsApp1\WinFormsApp1.csproj", "{3F632986-D5CA-4A0C-AF57-87F5CEE0124D}"
EndProject
Global
	GlobalSection(SolutionConfigurationPlatforms) = preSolution
		Debug|Any CPU = Debug|Any CPU
		Release|Any CPU = Release|Any CPU
	EndGlobalSection
	GlobalSection(ProjectConfigurationPlatforms) = postSolution
		{3F632986-D5CA-4A0C-AF57-87F5CEE0124D}.Debug|Any CPU.ActiveCfg = Debug|Any CPU
		{3F632986-D5CA-4A0C-AF57-87F5CEE0124D}.Debug|Any CPU.Build.0 = Debug|Any CPU
		{3F632986-D5CA-4A0C-AF57-87F5CEE0124D}.Release|Any CPU.ActiveCfg = Release|Any CPU
		{3F632986-D5CA-4A0C-AF57-87F5CEE0124D}.Release|Any CPU.Build.0 = Release|Any CPU
	EndGlobalSection
	GlobalSection(SolutionProperties) = preSolution
		HideSolutionNode = FALSE
	EndGlobalSection
	GlobalSection(ExtensibilityGlobals) = postSolution
		SolutionGuid = {DCBBCE7C-26CD-48DE-84A1-D100608931C2}
	EndGlobalSection
EndGlobal
